// !$*UTF8*$!
{
	archiveVersion = 1;
	classes = {
	};
	objectVersion = 56;
	objects = {

/* Begin PBXBuildFile section */
		2F05BBDD2A8D789F00FF636D /* ReviewsView.swift in Sources */ = {isa = PBXBuildFile; fileRef = 2F05BBDC2A8D789F00FF636D /* ReviewsView.swift */; };
		2F05BBDF2A8D7E1400FF636D /* RatingsView.swift in Sources */ = {isa = PBXBuildFile; fileRef = 2F05BBDE2A8D7E1400FF636D /* RatingsView.swift */; };
		2FFC4E612A8DCE4B00DCD296 /* EditReviewView.swift in Sources */ = {isa = PBXBuildFile; fileRef = 2FFC4E602A8DCE4B00DCD296 /* EditReviewView.swift */; };
		2FFC4E632A8DD18500DCD296 /* EditReviewViewViewModel.swift in Sources */ = {isa = PBXBuildFile; fileRef = 2FFC4E622A8DD18500DCD296 /* EditReviewViewViewModel.swift */; };
		6F162DB82A887C61004DC668 /* TitledTextField.swift in Sources */ = {isa = PBXBuildFile; fileRef = 6F162DB72A887C61004DC668 /* TitledTextField.swift */; };
		6F162DBA2A887E55004DC668 /* ValidationManager.swift in Sources */ = {isa = PBXBuildFile; fileRef = 6F162DB92A887E55004DC668 /* ValidationManager.swift */; };
		6F162DBD2A888198004DC668 /* CreateTripView.swift in Sources */ = {isa = PBXBuildFile; fileRef = 6F162DBC2A888198004DC668 /* CreateTripView.swift */; };
		6F162DBF2A888DA1004DC668 /* TripListCellView.swift in Sources */ = {isa = PBXBuildFile; fileRef = 6F162DBE2A888DA1004DC668 /* TripListCellView.swift */; };
		6F162DC12A88912F004DC668 /* TripPresentView.swift in Sources */ = {isa = PBXBuildFile; fileRef = 6F162DC02A88912F004DC668 /* TripPresentView.swift */; };
		6F162DC32A8895E7004DC668 /* TripEditView.swift in Sources */ = {isa = PBXBuildFile; fileRef = 6F162DC22A8895E7004DC668 /* TripEditView.swift */; };
		6F162DC52A889A3F004DC668 /* DestinationSearchView.swift in Sources */ = {isa = PBXBuildFile; fileRef = 6F162DC42A889A3F004DC668 /* DestinationSearchView.swift */; };
		6F162DC72A889D43004DC668 /* ProfilePresentView.swift in Sources */ = {isa = PBXBuildFile; fileRef = 6F162DC62A889D43004DC668 /* ProfilePresentView.swift */; };
		6F162DC92A88A54E004DC668 /* ReviewSingleView.swift in Sources */ = {isa = PBXBuildFile; fileRef = 6F162DC82A88A54E004DC668 /* ReviewSingleView.swift */; };
		6F162DCB2A8BFB3B004DC668 /* TripModel.swift in Sources */ = {isa = PBXBuildFile; fileRef = 6F162DCA2A8BFB3B004DC668 /* TripModel.swift */; };
		6F162DCD2A8C20FD004DC668 /* TitledTextEditor.swift in Sources */ = {isa = PBXBuildFile; fileRef = 6F162DCC2A8C20FD004DC668 /* TitledTextEditor.swift */; };
		6F162DCF2A8C2617004DC668 /* ExpandableText.swift in Sources */ = {isa = PBXBuildFile; fileRef = 6F162DCE2A8C2617004DC668 /* ExpandableText.swift */; };
		6F162DD12A8C6D26004DC668 /* LockToggleButton.swift in Sources */ = {isa = PBXBuildFile; fileRef = 6F162DD02A8C6D26004DC668 /* LockToggleButton.swift */; };
		6F162DD32A8C78A2004DC668 /* TripAddCollaboratorView.swift in Sources */ = {isa = PBXBuildFile; fileRef = 6F162DD22A8C78A2004DC668 /* TripAddCollaboratorView.swift */; };
		6F162DD52A8C7A5B004DC668 /* CollaboratorsButton.swift in Sources */ = {isa = PBXBuildFile; fileRef = 6F162DD42A8C7A5B004DC668 /* CollaboratorsButton.swift */; };
		6F162DD72A8C84DB004DC668 /* Profile.swift in Sources */ = {isa = PBXBuildFile; fileRef = 6F162DD62A8C84DB004DC668 /* Profile.swift */; };
		6F162DD92A8D16C0004DC668 /* ProfileEditView.swift in Sources */ = {isa = PBXBuildFile; fileRef = 6F162DD82A8D16C0004DC668 /* ProfileEditView.swift */; };
		6F162DDB2A8D2B73004DC668 /* ImagePicker.swift in Sources */ = {isa = PBXBuildFile; fileRef = 6F162DDA2A8D2B73004DC668 /* ImagePicker.swift */; };
		6F162DDD2A8D779B004DC668 /* JoinDateText.swift in Sources */ = {isa = PBXBuildFile; fileRef = 6F162DDC2A8D779B004DC668 /* JoinDateText.swift */; };
		8E224AA92A8CEDDB008AB728 /* HomeViewListCellView.swift in Sources */ = {isa = PBXBuildFile; fileRef = 8E224AA82A8CEDDB008AB728 /* HomeViewListCellView.swift */; };
		8E224AAB2A8CF8CB008AB728 /* HomeCellView.swift in Sources */ = {isa = PBXBuildFile; fileRef = 8E224AAA2A8CF8CB008AB728 /* HomeCellView.swift */; };
		8E224AAD2A8CFE5B008AB728 /* Destination.csv in Resources */ = {isa = PBXBuildFile; fileRef = 8E224AAC2A8CFE5B008AB728 /* Destination.csv */; };
		8E6C88932A869B9200149737 /* LessgooApp.swift in Sources */ = {isa = PBXBuildFile; fileRef = 8E6C88922A869B9200149737 /* LessgooApp.swift */; };
		8E6C88972A869B9800149737 /* Assets.xcassets in Resources */ = {isa = PBXBuildFile; fileRef = 8E6C88962A869B9800149737 /* Assets.xcassets */; };
		8E6C889A2A869B9800149737 /* Preview Assets.xcassets in Resources */ = {isa = PBXBuildFile; fileRef = 8E6C88992A869B9800149737 /* Preview Assets.xcassets */; };
		8E6C88A52A86A0CE00149737 /* MainView.swift in Sources */ = {isa = PBXBuildFile; fileRef = 8E6C88A42A86A0CE00149737 /* MainView.swift */; };
		8E6C88A72A86A0F200149737 /* LoginView.swift in Sources */ = {isa = PBXBuildFile; fileRef = 8E6C88A62A86A0F200149737 /* LoginView.swift */; };
		8E6C88A92A86A10800149737 /* RegisterView.swift in Sources */ = {isa = PBXBuildFile; fileRef = 8E6C88A82A86A10800149737 /* RegisterView.swift */; };
		8E6C88AB2A86A11800149737 /* HomeView.swift in Sources */ = {isa = PBXBuildFile; fileRef = 8E6C88AA2A86A11800149737 /* HomeView.swift */; };
		8E6C88AD2A86A13300149737 /* DestinationDetailView.swift in Sources */ = {isa = PBXBuildFile; fileRef = 8E6C88AC2A86A13300149737 /* DestinationDetailView.swift */; };
		8E6C88AF2A86A14300149737 /* TripPlanningView.swift in Sources */ = {isa = PBXBuildFile; fileRef = 8E6C88AE2A86A14300149737 /* TripPlanningView.swift */; };
		8E6C88B12A86A16100149737 /* ProfileView.swift in Sources */ = {isa = PBXBuildFile; fileRef = 8E6C88B02A86A16100149737 /* ProfileView.swift */; };
		8E6C88B32A86A17100149737 /* SettingsView.swift in Sources */ = {isa = PBXBuildFile; fileRef = 8E6C88B22A86A17100149737 /* SettingsView.swift */; };
		8E6C88B62A86A1CE00149737 /* FirebaseAnalytics in Frameworks */ = {isa = PBXBuildFile; productRef = 8E6C88B52A86A1CE00149737 /* FirebaseAnalytics */; };
		8E6C88B82A86A1CE00149737 /* FirebaseAnalyticsOnDeviceConversion in Frameworks */ = {isa = PBXBuildFile; productRef = 8E6C88B72A86A1CE00149737 /* FirebaseAnalyticsOnDeviceConversion */; };
		8E6C88BA2A86A1CE00149737 /* FirebaseAnalyticsSwift in Frameworks */ = {isa = PBXBuildFile; productRef = 8E6C88B92A86A1CE00149737 /* FirebaseAnalyticsSwift */; };
		8E6C88BC2A86A1CE00149737 /* FirebaseAnalyticsWithoutAdIdSupport in Frameworks */ = {isa = PBXBuildFile; productRef = 8E6C88BB2A86A1CE00149737 /* FirebaseAnalyticsWithoutAdIdSupport */; };
		8E6C88BE2A86A1CE00149737 /* FirebaseAppCheck in Frameworks */ = {isa = PBXBuildFile; productRef = 8E6C88BD2A86A1CE00149737 /* FirebaseAppCheck */; };
		8E6C88C02A86A1CE00149737 /* FirebaseAppDistribution-Beta in Frameworks */ = {isa = PBXBuildFile; productRef = 8E6C88BF2A86A1CE00149737 /* FirebaseAppDistribution-Beta */; };
		8E6C88C22A86A1CE00149737 /* FirebaseAuth in Frameworks */ = {isa = PBXBuildFile; productRef = 8E6C88C12A86A1CE00149737 /* FirebaseAuth */; };
		8E6C88C42A86A1CE00149737 /* FirebaseAuthCombine-Community in Frameworks */ = {isa = PBXBuildFile; productRef = 8E6C88C32A86A1CE00149737 /* FirebaseAuthCombine-Community */; };
		8E6C88C62A86A1CE00149737 /* FirebaseCrashlytics in Frameworks */ = {isa = PBXBuildFile; productRef = 8E6C88C52A86A1CE00149737 /* FirebaseCrashlytics */; };
		8E6C88C82A86A1CE00149737 /* FirebaseDatabase in Frameworks */ = {isa = PBXBuildFile; productRef = 8E6C88C72A86A1CE00149737 /* FirebaseDatabase */; };
		8E6C88CA2A86A1CE00149737 /* FirebaseDatabaseSwift in Frameworks */ = {isa = PBXBuildFile; productRef = 8E6C88C92A86A1CE00149737 /* FirebaseDatabaseSwift */; };
		8E6C88CC2A86A1CE00149737 /* FirebaseDynamicLinks in Frameworks */ = {isa = PBXBuildFile; productRef = 8E6C88CB2A86A1CE00149737 /* FirebaseDynamicLinks */; };
		8E6C88CE2A86A1CE00149737 /* FirebaseFirestore in Frameworks */ = {isa = PBXBuildFile; productRef = 8E6C88CD2A86A1CE00149737 /* FirebaseFirestore */; };
		8E6C88D02A86A1CE00149737 /* FirebaseFirestoreCombine-Community in Frameworks */ = {isa = PBXBuildFile; productRef = 8E6C88CF2A86A1CE00149737 /* FirebaseFirestoreCombine-Community */; };
		8E6C88D22A86A1CE00149737 /* FirebaseFirestoreSwift in Frameworks */ = {isa = PBXBuildFile; productRef = 8E6C88D12A86A1CE00149737 /* FirebaseFirestoreSwift */; };
		8E6C88D42A86A1CE00149737 /* FirebaseFunctions in Frameworks */ = {isa = PBXBuildFile; productRef = 8E6C88D32A86A1CE00149737 /* FirebaseFunctions */; };
		8E6C88D62A86A1CE00149737 /* FirebaseFunctionsCombine-Community in Frameworks */ = {isa = PBXBuildFile; productRef = 8E6C88D52A86A1CE00149737 /* FirebaseFunctionsCombine-Community */; };
		8E6C88D82A86A1CE00149737 /* FirebaseInAppMessaging-Beta in Frameworks */ = {isa = PBXBuildFile; productRef = 8E6C88D72A86A1CE00149737 /* FirebaseInAppMessaging-Beta */; };
		8E6C88DA2A86A1CE00149737 /* FirebaseInAppMessagingSwift-Beta in Frameworks */ = {isa = PBXBuildFile; productRef = 8E6C88D92A86A1CE00149737 /* FirebaseInAppMessagingSwift-Beta */; };
		8E6C88DC2A86A1CE00149737 /* FirebaseInstallations in Frameworks */ = {isa = PBXBuildFile; productRef = 8E6C88DB2A86A1CE00149737 /* FirebaseInstallations */; };
		8E6C88DE2A86A1CE00149737 /* FirebaseMLModelDownloader in Frameworks */ = {isa = PBXBuildFile; productRef = 8E6C88DD2A86A1CE00149737 /* FirebaseMLModelDownloader */; };
		8E6C88E02A86A1CE00149737 /* FirebaseMessaging in Frameworks */ = {isa = PBXBuildFile; productRef = 8E6C88DF2A86A1CE00149737 /* FirebaseMessaging */; };
		8E6C88E22A86A1CE00149737 /* FirebasePerformance in Frameworks */ = {isa = PBXBuildFile; productRef = 8E6C88E12A86A1CE00149737 /* FirebasePerformance */; };
		8E6C88E42A86A1CE00149737 /* FirebaseRemoteConfig in Frameworks */ = {isa = PBXBuildFile; productRef = 8E6C88E32A86A1CE00149737 /* FirebaseRemoteConfig */; };
		8E6C88E62A86A1CE00149737 /* FirebaseRemoteConfigSwift in Frameworks */ = {isa = PBXBuildFile; productRef = 8E6C88E52A86A1CE00149737 /* FirebaseRemoteConfigSwift */; };
		8E6C88E82A86A1CE00149737 /* FirebaseStorage in Frameworks */ = {isa = PBXBuildFile; productRef = 8E6C88E72A86A1CE00149737 /* FirebaseStorage */; };
		8E6C88EA2A86A1CE00149737 /* FirebaseStorageCombine-Community in Frameworks */ = {isa = PBXBuildFile; productRef = 8E6C88E92A86A1CE00149737 /* FirebaseStorageCombine-Community */; };
		8E6C88EC2A86A5DA00149737 /* MainViewViewModel.swift in Sources */ = {isa = PBXBuildFile; fileRef = 8E6C88EB2A86A5DA00149737 /* MainViewViewModel.swift */; };
		8E6C88EE2A86A5EA00149737 /* LoginViewViewModel.swift in Sources */ = {isa = PBXBuildFile; fileRef = 8E6C88ED2A86A5E900149737 /* LoginViewViewModel.swift */; };
		8E6C88F02A86A60000149737 /* RegisterViewViewModel.swift in Sources */ = {isa = PBXBuildFile; fileRef = 8E6C88EF2A86A60000149737 /* RegisterViewViewModel.swift */; };
		8E6C88F22A86A61100149737 /* HomeViewViewModel.swift in Sources */ = {isa = PBXBuildFile; fileRef = 8E6C88F12A86A61100149737 /* HomeViewViewModel.swift */; };
		8E6C88F42A86A62100149737 /* DestinationViewViewModel.swift in Sources */ = {isa = PBXBuildFile; fileRef = 8E6C88F32A86A62100149737 /* DestinationViewViewModel.swift */; };
		8E6C88F62A86A63300149737 /* TripPlanningViewViewModel.swift in Sources */ = {isa = PBXBuildFile; fileRef = 8E6C88F52A86A63300149737 /* TripPlanningViewViewModel.swift */; };
		8E6C88F82A86A64200149737 /* ProfileViewViewModel.swift in Sources */ = {isa = PBXBuildFile; fileRef = 8E6C88F72A86A64200149737 /* ProfileViewViewModel.swift */; };
		8E6C88FA2A86A65200149737 /* SettingsViewViewModel.swift in Sources */ = {isa = PBXBuildFile; fileRef = 8E6C88F92A86A65200149737 /* SettingsViewViewModel.swift */; };
		8E6C88FC2A86A66400149737 /* Launch Screen.storyboard in Resources */ = {isa = PBXBuildFile; fileRef = 8E6C88FB2A86A66400149737 /* Launch Screen.storyboard */; };
		8E6C88FE2A86A67800149737 /* Extensions.swift in Sources */ = {isa = PBXBuildFile; fileRef = 8E6C88FD2A86A67800149737 /* Extensions.swift */; };
		8E7A230D2A8D480C00B16AF7 /* BottomBarView.swift in Sources */ = {isa = PBXBuildFile; fileRef = 8E7A230C2A8D480C00B16AF7 /* BottomBarView.swift */; };
		8E7A230F2A8D492A00B16AF7 /* TagButton.swift in Sources */ = {isa = PBXBuildFile; fileRef = 8E7A230E2A8D492A00B16AF7 /* TagButton.swift */; };
		8EAD12592A8A6EAD00BA8797 /* Destination.swift in Sources */ = {isa = PBXBuildFile; fileRef = 8EAD12582A8A6EAD00BA8797 /* Destination.swift */; };
		8EAD125B2A8A6FE800BA8797 /* Review.swift in Sources */ = {isa = PBXBuildFile; fileRef = 8EAD125A2A8A6FE800BA8797 /* Review.swift */; };
		8EAD125F2A8A717B00BA8797 /* Feedback.swift in Sources */ = {isa = PBXBuildFile; fileRef = 8EAD125E2A8A717B00BA8797 /* Feedback.swift */; };
		E3F50DA52A89AEBE009EFFF8 /* GoogleService-Info.plist in Resources */ = {isa = PBXBuildFile; fileRef = E3F50DA42A89AEBD009EFFF8 /* GoogleService-Info.plist */; };
		E3F50DA72A8A90A7009EFFF8 /* UserModel.swift in Sources */ = {isa = PBXBuildFile; fileRef = E3F50DA62A8A90A7009EFFF8 /* UserModel.swift */; };
		E3F50DA92A8A91F0009EFFF8 /* DataManager.swift in Sources */ = {isa = PBXBuildFile; fileRef = E3F50DA82A8A91F0009EFFF8 /* DataManager.swift */; };
/* End PBXBuildFile section */

/* Begin PBXFileReference section */
		2F05BBDC2A8D789F00FF636D /* ReviewsView.swift */ = {isa = PBXFileReference; lastKnownFileType = sourcecode.swift; path = ReviewsView.swift; sourceTree = "<group>"; };
		2F05BBDE2A8D7E1400FF636D /* RatingsView.swift */ = {isa = PBXFileReference; lastKnownFileType = sourcecode.swift; path = RatingsView.swift; sourceTree = "<group>"; };
		2FFC4E602A8DCE4B00DCD296 /* EditReviewView.swift */ = {isa = PBXFileReference; lastKnownFileType = sourcecode.swift; path = EditReviewView.swift; sourceTree = "<group>"; };
		2FFC4E622A8DD18500DCD296 /* EditReviewViewViewModel.swift */ = {isa = PBXFileReference; lastKnownFileType = sourcecode.swift; path = EditReviewViewViewModel.swift; sourceTree = "<group>"; };
		6F162DB72A887C61004DC668 /* TitledTextField.swift */ = {isa = PBXFileReference; lastKnownFileType = sourcecode.swift; path = TitledTextField.swift; sourceTree = "<group>"; };
		6F162DB92A887E55004DC668 /* ValidationManager.swift */ = {isa = PBXFileReference; lastKnownFileType = sourcecode.swift; path = ValidationManager.swift; sourceTree = "<group>"; };
		6F162DBC2A888198004DC668 /* CreateTripView.swift */ = {isa = PBXFileReference; lastKnownFileType = sourcecode.swift; path = CreateTripView.swift; sourceTree = "<group>"; };
		6F162DBE2A888DA1004DC668 /* TripListCellView.swift */ = {isa = PBXFileReference; lastKnownFileType = sourcecode.swift; path = TripListCellView.swift; sourceTree = "<group>"; };
		6F162DC02A88912F004DC668 /* TripPresentView.swift */ = {isa = PBXFileReference; lastKnownFileType = sourcecode.swift; path = TripPresentView.swift; sourceTree = "<group>"; };
		6F162DC22A8895E7004DC668 /* TripEditView.swift */ = {isa = PBXFileReference; lastKnownFileType = sourcecode.swift; path = TripEditView.swift; sourceTree = "<group>"; };
		6F162DC42A889A3F004DC668 /* DestinationSearchView.swift */ = {isa = PBXFileReference; lastKnownFileType = sourcecode.swift; path = DestinationSearchView.swift; sourceTree = "<group>"; };
		6F162DC62A889D43004DC668 /* ProfilePresentView.swift */ = {isa = PBXFileReference; lastKnownFileType = sourcecode.swift; path = ProfilePresentView.swift; sourceTree = "<group>"; };
		6F162DC82A88A54E004DC668 /* ReviewSingleView.swift */ = {isa = PBXFileReference; lastKnownFileType = sourcecode.swift; path = ReviewSingleView.swift; sourceTree = "<group>"; };
		6F162DCA2A8BFB3B004DC668 /* TripModel.swift */ = {isa = PBXFileReference; lastKnownFileType = sourcecode.swift; name = TripModel.swift; path = Lessgoo/Views/TripModel.swift; sourceTree = SOURCE_ROOT; };
		6F162DCC2A8C20FD004DC668 /* TitledTextEditor.swift */ = {isa = PBXFileReference; lastKnownFileType = sourcecode.swift; path = TitledTextEditor.swift; sourceTree = "<group>"; };
		6F162DCE2A8C2617004DC668 /* ExpandableText.swift */ = {isa = PBXFileReference; lastKnownFileType = sourcecode.swift; path = ExpandableText.swift; sourceTree = "<group>"; };
		6F162DD02A8C6D26004DC668 /* LockToggleButton.swift */ = {isa = PBXFileReference; lastKnownFileType = sourcecode.swift; path = LockToggleButton.swift; sourceTree = "<group>"; };
		6F162DD22A8C78A2004DC668 /* TripAddCollaboratorView.swift */ = {isa = PBXFileReference; lastKnownFileType = sourcecode.swift; path = TripAddCollaboratorView.swift; sourceTree = "<group>"; };
		6F162DD42A8C7A5B004DC668 /* CollaboratorsButton.swift */ = {isa = PBXFileReference; lastKnownFileType = sourcecode.swift; path = CollaboratorsButton.swift; sourceTree = "<group>"; };
		6F162DD62A8C84DB004DC668 /* Profile.swift */ = {isa = PBXFileReference; lastKnownFileType = sourcecode.swift; path = Profile.swift; sourceTree = SOURCE_ROOT; };
		6F162DD82A8D16C0004DC668 /* ProfileEditView.swift */ = {isa = PBXFileReference; lastKnownFileType = sourcecode.swift; path = ProfileEditView.swift; sourceTree = "<group>"; };
		6F162DDA2A8D2B73004DC668 /* ImagePicker.swift */ = {isa = PBXFileReference; lastKnownFileType = sourcecode.swift; path = ImagePicker.swift; sourceTree = "<group>"; };
		6F162DDC2A8D779B004DC668 /* JoinDateText.swift */ = {isa = PBXFileReference; lastKnownFileType = sourcecode.swift; path = JoinDateText.swift; sourceTree = "<group>"; };
		8E224AA82A8CEDDB008AB728 /* HomeViewListCellView.swift */ = {isa = PBXFileReference; lastKnownFileType = sourcecode.swift; path = HomeViewListCellView.swift; sourceTree = "<group>"; };
		8E224AAA2A8CF8CB008AB728 /* HomeCellView.swift */ = {isa = PBXFileReference; lastKnownFileType = sourcecode.swift; path = HomeCellView.swift; sourceTree = "<group>"; };
		8E224AA82A8CEDDB008AB728 /* HomeViewListCellView.swift */ = {isa = PBXFileReference; lastKnownFileType = sourcecode.swift; path = HomeViewListCellView.swift; sourceTree = "<group>"; };
		8E224AAC2A8CFE5B008AB728 /* Destination.csv */ = {isa = PBXFileReference; fileEncoding = 4; lastKnownFileType = text; path = Destination.csv; sourceTree = "<group>"; };
		8E6C888F2A869B9200149737 /* Lessgoo.app */ = {isa = PBXFileReference; explicitFileType = wrapper.application; includeInIndex = 0; path = Lessgoo.app; sourceTree = BUILT_PRODUCTS_DIR; };
		8E6C88922A869B9200149737 /* LessgooApp.swift */ = {isa = PBXFileReference; lastKnownFileType = sourcecode.swift; path = LessgooApp.swift; sourceTree = "<group>"; };
		8E6C88962A869B9800149737 /* Assets.xcassets */ = {isa = PBXFileReference; lastKnownFileType = folder.assetcatalog; path = Assets.xcassets; sourceTree = "<group>"; };
		8E6C88992A869B9800149737 /* Preview Assets.xcassets */ = {isa = PBXFileReference; lastKnownFileType = folder.assetcatalog; path = "Preview Assets.xcassets"; sourceTree = "<group>"; };
		8E6C88A42A86A0CE00149737 /* MainView.swift */ = {isa = PBXFileReference; lastKnownFileType = sourcecode.swift; path = MainView.swift; sourceTree = "<group>"; };
		8E6C88A62A86A0F200149737 /* LoginView.swift */ = {isa = PBXFileReference; lastKnownFileType = sourcecode.swift; path = LoginView.swift; sourceTree = "<group>"; };
		8E6C88A82A86A10800149737 /* RegisterView.swift */ = {isa = PBXFileReference; lastKnownFileType = sourcecode.swift; path = RegisterView.swift; sourceTree = "<group>"; };
		8E6C88AA2A86A11800149737 /* HomeView.swift */ = {isa = PBXFileReference; lastKnownFileType = sourcecode.swift; path = HomeView.swift; sourceTree = "<group>"; };
		8E6C88AC2A86A13300149737 /* DestinationDetailView.swift */ = {isa = PBXFileReference; lastKnownFileType = sourcecode.swift; path = DestinationDetailView.swift; sourceTree = "<group>"; };
		8E6C88AE2A86A14300149737 /* TripPlanningView.swift */ = {isa = PBXFileReference; lastKnownFileType = sourcecode.swift; path = TripPlanningView.swift; sourceTree = "<group>"; };
		8E6C88B02A86A16100149737 /* ProfileView.swift */ = {isa = PBXFileReference; lastKnownFileType = sourcecode.swift; path = ProfileView.swift; sourceTree = "<group>"; };
		8E6C88B22A86A17100149737 /* SettingsView.swift */ = {isa = PBXFileReference; lastKnownFileType = sourcecode.swift; path = SettingsView.swift; sourceTree = "<group>"; };
		8E6C88EB2A86A5DA00149737 /* MainViewViewModel.swift */ = {isa = PBXFileReference; lastKnownFileType = sourcecode.swift; path = MainViewViewModel.swift; sourceTree = "<group>"; };
		8E6C88ED2A86A5E900149737 /* LoginViewViewModel.swift */ = {isa = PBXFileReference; lastKnownFileType = sourcecode.swift; path = LoginViewViewModel.swift; sourceTree = "<group>"; };
		8E6C88EF2A86A60000149737 /* RegisterViewViewModel.swift */ = {isa = PBXFileReference; lastKnownFileType = sourcecode.swift; path = RegisterViewViewModel.swift; sourceTree = "<group>"; };
		8E6C88F12A86A61100149737 /* HomeViewViewModel.swift */ = {isa = PBXFileReference; lastKnownFileType = sourcecode.swift; path = HomeViewViewModel.swift; sourceTree = "<group>"; };
		8E6C88F32A86A62100149737 /* DestinationViewViewModel.swift */ = {isa = PBXFileReference; lastKnownFileType = sourcecode.swift; path = DestinationViewViewModel.swift; sourceTree = "<group>"; };
		8E6C88F52A86A63300149737 /* TripPlanningViewViewModel.swift */ = {isa = PBXFileReference; lastKnownFileType = sourcecode.swift; path = TripPlanningViewViewModel.swift; sourceTree = "<group>"; };
		8E6C88F72A86A64200149737 /* ProfileViewViewModel.swift */ = {isa = PBXFileReference; lastKnownFileType = sourcecode.swift; path = ProfileViewViewModel.swift; sourceTree = "<group>"; };
		8E6C88F92A86A65200149737 /* SettingsViewViewModel.swift */ = {isa = PBXFileReference; lastKnownFileType = sourcecode.swift; path = SettingsViewViewModel.swift; sourceTree = "<group>"; };
		8E6C88FB2A86A66400149737 /* Launch Screen.storyboard */ = {isa = PBXFileReference; lastKnownFileType = file.storyboard; path = "Launch Screen.storyboard"; sourceTree = "<group>"; };
		8E6C88FD2A86A67800149737 /* Extensions.swift */ = {isa = PBXFileReference; lastKnownFileType = sourcecode.swift; path = Extensions.swift; sourceTree = "<group>"; };
		8E7A230C2A8D480C00B16AF7 /* BottomBarView.swift */ = {isa = PBXFileReference; fileEncoding = 4; lastKnownFileType = sourcecode.swift; path = BottomBarView.swift; sourceTree = "<group>"; };
		8E7A230E2A8D492A00B16AF7 /* TagButton.swift */ = {isa = PBXFileReference; lastKnownFileType = sourcecode.swift; path = TagButton.swift; sourceTree = "<group>"; };
		8EAD12582A8A6EAD00BA8797 /* Destination.swift */ = {isa = PBXFileReference; lastKnownFileType = sourcecode.swift; path = Destination.swift; sourceTree = "<group>"; };
		8EAD125A2A8A6FE800BA8797 /* Review.swift */ = {isa = PBXFileReference; lastKnownFileType = sourcecode.swift; path = Review.swift; sourceTree = "<group>"; };
		8EAD125E2A8A717B00BA8797 /* Feedback.swift */ = {isa = PBXFileReference; lastKnownFileType = sourcecode.swift; path = Feedback.swift; sourceTree = "<group>"; };
		E3F50DA42A89AEBD009EFFF8 /* GoogleService-Info.plist */ = {isa = PBXFileReference; fileEncoding = 4; lastKnownFileType = text.plist.xml; path = "GoogleService-Info.plist"; sourceTree = "<group>"; };
		E3F50DA62A8A90A7009EFFF8 /* UserModel.swift */ = {isa = PBXFileReference; lastKnownFileType = sourcecode.swift; path = UserModel.swift; sourceTree = SOURCE_ROOT; };
		E3F50DA82A8A91F0009EFFF8 /* DataManager.swift */ = {isa = PBXFileReference; lastKnownFileType = sourcecode.swift; path = DataManager.swift; sourceTree = "<group>"; };
/* End PBXFileReference section */

/* Begin PBXFrameworksBuildPhase section */
		8E6C888C2A869B9200149737 /* Frameworks */ = {
			isa = PBXFrameworksBuildPhase;
			buildActionMask = 2147483647;
			files = (
				8E6C88C82A86A1CE00149737 /* FirebaseDatabase in Frameworks */,
				8E6C88D62A86A1CE00149737 /* FirebaseFunctionsCombine-Community in Frameworks */,
				8E6C88CE2A86A1CE00149737 /* FirebaseFirestore in Frameworks */,
				8E6C88BA2A86A1CE00149737 /* FirebaseAnalyticsSwift in Frameworks */,
				8E6C88B62A86A1CE00149737 /* FirebaseAnalytics in Frameworks */,
				8E6C88B82A86A1CE00149737 /* FirebaseAnalyticsOnDeviceConversion in Frameworks */,
				8E6C88DE2A86A1CE00149737 /* FirebaseMLModelDownloader in Frameworks */,
				8E6C88D22A86A1CE00149737 /* FirebaseFirestoreSwift in Frameworks */,
				8E6C88BE2A86A1CE00149737 /* FirebaseAppCheck in Frameworks */,
				8E6C88BC2A86A1CE00149737 /* FirebaseAnalyticsWithoutAdIdSupport in Frameworks */,
				8E6C88C22A86A1CE00149737 /* FirebaseAuth in Frameworks */,
				8E6C88C62A86A1CE00149737 /* FirebaseCrashlytics in Frameworks */,
				8E6C88E62A86A1CE00149737 /* FirebaseRemoteConfigSwift in Frameworks */,
				8E6C88D82A86A1CE00149737 /* FirebaseInAppMessaging-Beta in Frameworks */,
				8E6C88CA2A86A1CE00149737 /* FirebaseDatabaseSwift in Frameworks */,
				8E6C88D42A86A1CE00149737 /* FirebaseFunctions in Frameworks */,
				8E6C88EA2A86A1CE00149737 /* FirebaseStorageCombine-Community in Frameworks */,
				8E6C88E42A86A1CE00149737 /* FirebaseRemoteConfig in Frameworks */,
				8E6C88C02A86A1CE00149737 /* FirebaseAppDistribution-Beta in Frameworks */,
				8E6C88C42A86A1CE00149737 /* FirebaseAuthCombine-Community in Frameworks */,
				8E6C88E22A86A1CE00149737 /* FirebasePerformance in Frameworks */,
				8E6C88DA2A86A1CE00149737 /* FirebaseInAppMessagingSwift-Beta in Frameworks */,
				8E6C88E82A86A1CE00149737 /* FirebaseStorage in Frameworks */,
				8E6C88CC2A86A1CE00149737 /* FirebaseDynamicLinks in Frameworks */,
				8E6C88D02A86A1CE00149737 /* FirebaseFirestoreCombine-Community in Frameworks */,
				8E6C88E02A86A1CE00149737 /* FirebaseMessaging in Frameworks */,
				8E6C88DC2A86A1CE00149737 /* FirebaseInstallations in Frameworks */,
			);
			runOnlyForDeploymentPostprocessing = 0;
		};
/* End PBXFrameworksBuildPhase section */

/* Begin PBXGroup section */
		6F162DBB2A888155004DC668 /* Components */ = {
			isa = PBXGroup;
			children = (
				6F162DB72A887C61004DC668 /* TitledTextField.swift */,
				6F162DCC2A8C20FD004DC668 /* TitledTextEditor.swift */,
				6F162DCE2A8C2617004DC668 /* ExpandableText.swift */,
				6F162DD02A8C6D26004DC668 /* LockToggleButton.swift */,
				6F162DDA2A8D2B73004DC668 /* ImagePicker.swift */,
				6F162DDC2A8D779B004DC668 /* JoinDateText.swift */,
			);
			path = Components;
			sourceTree = "<group>";
		};
		8E6C88862A869B9200149737 = {
			isa = PBXGroup;
			children = (
				8E6C88912A869B9200149737 /* Lessgoo */,
				8E6C88902A869B9200149737 /* Products */,
			);
			sourceTree = "<group>";
		};
		8E6C88902A869B9200149737 /* Products */ = {
			isa = PBXGroup;
			children = (
				8E6C888F2A869B9200149737 /* Lessgoo.app */,
			);
			name = Products;
			sourceTree = "<group>";
		};
		8E6C88912A869B9200149737 /* Lessgoo */ = {
			isa = PBXGroup;
			children = (
				6F162DBB2A888155004DC668 /* Components */,
				8E6C88A32A869EF800149737 /* Utils */,
				8E6C88A22A869EE800149737 /* ViewModels */,
				8E6C88A12A869EE000149737 /* Views */,
				8E6C88A02A869ECA00149737 /* Models */,
				8E6C88922A869B9200149737 /* LessgooApp.swift */,
				8E6C88982A869B9800149737 /* Preview Content */,
			);
			path = Lessgoo;
			sourceTree = "<group>";
		};
		8E6C88982A869B9800149737 /* Preview Content */ = {
			isa = PBXGroup;
			children = (
				8E6C88992A869B9800149737 /* Preview Assets.xcassets */,
			);
			path = "Preview Content";
			sourceTree = "<group>";
		};
		8E6C88A02A869ECA00149737 /* Models */ = {
			isa = PBXGroup;
			children = (
				E3F50DA62A8A90A7009EFFF8 /* UserModel.swift */,
				6F162DCA2A8BFB3B004DC668 /* TripModel.swift */,
				8EAD12582A8A6EAD00BA8797 /* Destination.swift */,
				8EAD125A2A8A6FE800BA8797 /* Review.swift */,
				8EAD125E2A8A717B00BA8797 /* Feedback.swift */,
				6F162DD62A8C84DB004DC668 /* Profile.swift */,
			);
			path = Models;
			sourceTree = "<group>";
		};
		8E6C88A12A869EE000149737 /* Views */ = {
			isa = PBXGroup;
			children = (
				8E6C88A42A86A0CE00149737 /* MainView.swift */,
				8E6C88A62A86A0F200149737 /* LoginView.swift */,
				8E6C88A82A86A10800149737 /* RegisterView.swift */,
				8E6C88AA2A86A11800149737 /* HomeView.swift */,
				8E6C88AC2A86A13300149737 /* DestinationDetailView.swift */,
				8E6C88AE2A86A14300149737 /* TripPlanningView.swift */,
				8E6C88B02A86A16100149737 /* ProfileView.swift */,
				8E6C88B22A86A17100149737 /* SettingsView.swift */,
				6F162DBC2A888198004DC668 /* CreateTripView.swift */,
				6F162DBE2A888DA1004DC668 /* TripListCellView.swift */,
				6F162DC02A88912F004DC668 /* TripPresentView.swift */,
				6F162DC22A8895E7004DC668 /* TripEditView.swift */,
				6F162DC42A889A3F004DC668 /* DestinationSearchView.swift */,
				6F162DC62A889D43004DC668 /* ProfilePresentView.swift */,
				6F162DC82A88A54E004DC668 /* ReviewSingleView.swift */,
				8E224AA82A8CEDDB008AB728 /* HomeViewListCellView.swift */,
				8E7A230C2A8D480C00B16AF7 /* BottomBarView.swift */,
				8E7A230E2A8D492A00B16AF7 /* TagButton.swift */,
				6F162DD22A8C78A2004DC668 /* TripAddCollaboratorView.swift */,
				6F162DD42A8C7A5B004DC668 /* CollaboratorsButton.swift */,
				6F162DD82A8D16C0004DC668 /* ProfileEditView.swift */,
				2F05BBDC2A8D789F00FF636D /* ReviewsView.swift */,
				2F05BBDE2A8D7E1400FF636D /* RatingsView.swift */,
				2FFC4E602A8DCE4B00DCD296 /* EditReviewView.swift */,
			);
			path = Views;
			sourceTree = "<group>";
		};
		8E6C88A22A869EE800149737 /* ViewModels */ = {
			isa = PBXGroup;
			children = (
				8E6C88EB2A86A5DA00149737 /* MainViewViewModel.swift */,
				8E6C88ED2A86A5E900149737 /* LoginViewViewModel.swift */,
				8E6C88EF2A86A60000149737 /* RegisterViewViewModel.swift */,
				8E6C88F12A86A61100149737 /* HomeViewViewModel.swift */,
				8E6C88F32A86A62100149737 /* DestinationViewViewModel.swift */,
				8E6C88F52A86A63300149737 /* TripPlanningViewViewModel.swift */,
				8E6C88F72A86A64200149737 /* ProfileViewViewModel.swift */,
				8E6C88F92A86A65200149737 /* SettingsViewViewModel.swift */,
				2FFC4E622A8DD18500DCD296 /* EditReviewViewViewModel.swift */,
			);
			path = ViewModels;
			sourceTree = "<group>";
		};
		8E6C88A32A869EF800149737 /* Utils */ = {
			isa = PBXGroup;
			children = (
				8E6C88962A869B9800149737 /* Assets.xcassets */,
				8E6C88FB2A86A66400149737 /* Launch Screen.storyboard */,
				E3F50DA42A89AEBD009EFFF8 /* GoogleService-Info.plist */,
				8E6C88FD2A86A67800149737 /* Extensions.swift */,
				6F162DB92A887E55004DC668 /* ValidationManager.swift */,
				E3F50DA82A8A91F0009EFFF8 /* DataManager.swift */,
				8E224AAC2A8CFE5B008AB728 /* Destination.csv */,
			);
			path = Utils;
			sourceTree = "<group>";
		};
/* End PBXGroup section */

/* Begin PBXNativeTarget section */
		8E6C888E2A869B9200149737 /* Lessgoo */ = {
			isa = PBXNativeTarget;
			buildConfigurationList = 8E6C889D2A869B9800149737 /* Build configuration list for PBXNativeTarget "Lessgoo" */;
			buildPhases = (
				8E6C888B2A869B9200149737 /* Sources */,
				8E6C888C2A869B9200149737 /* Frameworks */,
				8E6C888D2A869B9200149737 /* Resources */,
			);
			buildRules = (
			);
			dependencies = (
			);
			name = Lessgoo;
			packageProductDependencies = (
				8E6C88B52A86A1CE00149737 /* FirebaseAnalytics */,
				8E6C88B72A86A1CE00149737 /* FirebaseAnalyticsOnDeviceConversion */,
				8E6C88B92A86A1CE00149737 /* FirebaseAnalyticsSwift */,
				8E6C88BB2A86A1CE00149737 /* FirebaseAnalyticsWithoutAdIdSupport */,
				8E6C88BD2A86A1CE00149737 /* FirebaseAppCheck */,
				8E6C88BF2A86A1CE00149737 /* FirebaseAppDistribution-Beta */,
				8E6C88C12A86A1CE00149737 /* FirebaseAuth */,
				8E6C88C32A86A1CE00149737 /* FirebaseAuthCombine-Community */,
				8E6C88C52A86A1CE00149737 /* FirebaseCrashlytics */,
				8E6C88C72A86A1CE00149737 /* FirebaseDatabase */,
				8E6C88C92A86A1CE00149737 /* FirebaseDatabaseSwift */,
				8E6C88CB2A86A1CE00149737 /* FirebaseDynamicLinks */,
				8E6C88CD2A86A1CE00149737 /* FirebaseFirestore */,
				8E6C88CF2A86A1CE00149737 /* FirebaseFirestoreCombine-Community */,
				8E6C88D12A86A1CE00149737 /* FirebaseFirestoreSwift */,
				8E6C88D32A86A1CE00149737 /* FirebaseFunctions */,
				8E6C88D52A86A1CE00149737 /* FirebaseFunctionsCombine-Community */,
				8E6C88D72A86A1CE00149737 /* FirebaseInAppMessaging-Beta */,
				8E6C88D92A86A1CE00149737 /* FirebaseInAppMessagingSwift-Beta */,
				8E6C88DB2A86A1CE00149737 /* FirebaseInstallations */,
				8E6C88DD2A86A1CE00149737 /* FirebaseMLModelDownloader */,
				8E6C88DF2A86A1CE00149737 /* FirebaseMessaging */,
				8E6C88E12A86A1CE00149737 /* FirebasePerformance */,
				8E6C88E32A86A1CE00149737 /* FirebaseRemoteConfig */,
				8E6C88E52A86A1CE00149737 /* FirebaseRemoteConfigSwift */,
				8E6C88E72A86A1CE00149737 /* FirebaseStorage */,
				8E6C88E92A86A1CE00149737 /* FirebaseStorageCombine-Community */,
			);
			productName = Lessgoo;
			productReference = 8E6C888F2A869B9200149737 /* Lessgoo.app */;
			productType = "com.apple.product-type.application";
		};
/* End PBXNativeTarget section */

/* Begin PBXProject section */
		8E6C88872A869B9200149737 /* Project object */ = {
			isa = PBXProject;
			attributes = {
				BuildIndependentTargetsInParallel = 1;
				LastSwiftUpdateCheck = 1500;
				LastUpgradeCheck = 1500;
				TargetAttributes = {
					8E6C888E2A869B9200149737 = {
						CreatedOnToolsVersion = 15.0;
					};
				};
			};
			buildConfigurationList = 8E6C888A2A869B9200149737 /* Build configuration list for PBXProject "Lessgoo" */;
			compatibilityVersion = "Xcode 14.0";
			developmentRegion = en;
			hasScannedForEncodings = 0;
			knownRegions = (
				en,
				Base,
			);
			mainGroup = 8E6C88862A869B9200149737;
			packageReferences = (
				8E6C88B42A86A1CE00149737 /* XCRemoteSwiftPackageReference "firebase-ios-sdk" */,
			);
			productRefGroup = 8E6C88902A869B9200149737 /* Products */;
			projectDirPath = "";
			projectRoot = "";
			targets = (
				8E6C888E2A869B9200149737 /* Lessgoo */,
			);
		};
/* End PBXProject section */

/* Begin PBXResourcesBuildPhase section */
		8E6C888D2A869B9200149737 /* Resources */ = {
			isa = PBXResourcesBuildPhase;
			buildActionMask = 2147483647;
			files = (
				8E6C88FC2A86A66400149737 /* Launch Screen.storyboard in Resources */,
				8E224AAD2A8CFE5B008AB728 /* Destination.csv in Resources */,
				E3F50DA52A89AEBE009EFFF8 /* GoogleService-Info.plist in Resources */,
				8E6C889A2A869B9800149737 /* Preview Assets.xcassets in Resources */,
				8E6C88972A869B9800149737 /* Assets.xcassets in Resources */,
			);
			runOnlyForDeploymentPostprocessing = 0;
		};
/* End PBXResourcesBuildPhase section */

/* Begin PBXSourcesBuildPhase section */
		8E6C888B2A869B9200149737 /* Sources */ = {
			isa = PBXSourcesBuildPhase;
			buildActionMask = 2147483647;
			files = (
				6F162DBA2A887E55004DC668 /* ValidationManager.swift in Sources */,
				8E6C88F42A86A62100149737 /* DestinationViewViewModel.swift in Sources */,
				E3F50DA92A8A91F0009EFFF8 /* DataManager.swift in Sources */,
				6F162DD92A8D16C0004DC668 /* ProfileEditView.swift in Sources */,
				8E6C88FE2A86A67800149737 /* Extensions.swift in Sources */,
				6F162DCD2A8C20FD004DC668 /* TitledTextEditor.swift in Sources */,
				8EAD125B2A8A6FE800BA8797 /* Review.swift in Sources */,
				6F162DDD2A8D779B004DC668 /* JoinDateText.swift in Sources */,
				8EAD12592A8A6EAD00BA8797 /* Destination.swift in Sources */,
				8E6C88EE2A86A5EA00149737 /* LoginViewViewModel.swift in Sources */,
				6F162DDB2A8D2B73004DC668 /* ImagePicker.swift in Sources */,
				2F05BBDD2A8D789F00FF636D /* ReviewsView.swift in Sources */,
				8E6C88F62A86A63300149737 /* TripPlanningViewViewModel.swift in Sources */,
				8E6C88B12A86A16100149737 /* ProfileView.swift in Sources */,
				6F162DCF2A8C2617004DC668 /* ExpandableText.swift in Sources */,
				6F162DD32A8C78A2004DC668 /* TripAddCollaboratorView.swift in Sources */,
				8E6C88F02A86A60000149737 /* RegisterViewViewModel.swift in Sources */,
				6F162DCB2A8BFB3B004DC668 /* TripModel.swift in Sources */,
				8E6C88AD2A86A13300149737 /* DestinationDetailView.swift in Sources */,
				6F162DC72A889D43004DC668 /* ProfilePresentView.swift in Sources */,
				8E6C88AF2A86A14300149737 /* TripPlanningView.swift in Sources */,
				8E6C88B32A86A17100149737 /* SettingsView.swift in Sources */,
				6F162DB82A887C61004DC668 /* TitledTextField.swift in Sources */,
				8E6C88A72A86A0F200149737 /* LoginView.swift in Sources */,
				8E6C88A92A86A10800149737 /* RegisterView.swift in Sources */,
				6F162DC32A8895E7004DC668 /* TripEditView.swift in Sources */,
				8E6C88A52A86A0CE00149737 /* MainView.swift in Sources */,
				6F162DC92A88A54E004DC668 /* ReviewSingleView.swift in Sources */,
				2FFC4E632A8DD18500DCD296 /* EditReviewViewViewModel.swift in Sources */,
				2F05BBDF2A8D7E1400FF636D /* RatingsView.swift in Sources */,
				8E7A230D2A8D480C00B16AF7 /* BottomBarView.swift in Sources */,
				6F162DC52A889A3F004DC668 /* DestinationSearchView.swift in Sources */,
				8E6C88AB2A86A11800149737 /* HomeView.swift in Sources */,
				8E6C88EC2A86A5DA00149737 /* MainViewViewModel.swift in Sources */,
				8E7A230F2A8D492A00B16AF7 /* TagButton.swift in Sources */,
				6F162DD52A8C7A5B004DC668 /* CollaboratorsButton.swift in Sources */,
				6F162DD12A8C6D26004DC668 /* LockToggleButton.swift in Sources */,
				6F162DC52A889A3F004DC668 /* DestinationSearchView.swift in Sources */,
				8E6C88AB2A86A11800149737 /* HomeView.swift in Sources */,
				8E6C88EC2A86A5DA00149737 /* MainViewViewModel.swift in Sources */,
				6F162DD72A8C84DB004DC668 /* Profile.swift in Sources */,
				8E6C88F82A86A64200149737 /* ProfileViewViewModel.swift in Sources */,
				6F162DC12A88912F004DC668 /* TripPresentView.swift in Sources */,
				8E224AA92A8CEDDB008AB728 /* HomeViewListCellView.swift in Sources */,
				6F162DBF2A888DA1004DC668 /* TripListCellView.swift in Sources */,
				E3F50DA72A8A90A7009EFFF8 /* UserModel.swift in Sources */,
				8E6C88F22A86A61100149737 /* HomeViewViewModel.swift in Sources */,
				2FFC4E612A8DCE4B00DCD296 /* EditReviewView.swift in Sources */,
				6F162DBD2A888198004DC668 /* CreateTripView.swift in Sources */,
				8E6C88FA2A86A65200149737 /* SettingsViewViewModel.swift in Sources */,
				8E6C88932A869B9200149737 /* LessgooApp.swift in Sources */,
				8EAD125F2A8A717B00BA8797 /* Feedback.swift in Sources */,
			);
			runOnlyForDeploymentPostprocessing = 0;
		};
/* End PBXSourcesBuildPhase section */

/* Begin XCBuildConfiguration section */
		8E6C889B2A869B9800149737 /* Debug */ = {
			isa = XCBuildConfiguration;
			buildSettings = {
				ALWAYS_SEARCH_USER_PATHS = NO;
				ASSETCATALOG_COMPILER_GENERATE_SWIFT_ASSET_SYMBOL_EXTENSIONS = YES;
				CLANG_ANALYZER_NONNULL = YES;
				CLANG_ANALYZER_NUMBER_OBJECT_CONVERSION = YES_AGGRESSIVE;
				CLANG_CXX_LANGUAGE_STANDARD = "gnu++20";
				CLANG_ENABLE_MODULES = YES;
				CLANG_ENABLE_OBJC_ARC = YES;
				CLANG_ENABLE_OBJC_WEAK = YES;
				CLANG_WARN_BLOCK_CAPTURE_AUTORELEASING = YES;
				CLANG_WARN_BOOL_CONVERSION = YES;
				CLANG_WARN_COMMA = YES;
				CLANG_WARN_CONSTANT_CONVERSION = YES;
				CLANG_WARN_DEPRECATED_OBJC_IMPLEMENTATIONS = YES;
				CLANG_WARN_DIRECT_OBJC_ISA_USAGE = YES_ERROR;
				CLANG_WARN_DOCUMENTATION_COMMENTS = YES;
				CLANG_WARN_EMPTY_BODY = YES;
				CLANG_WARN_ENUM_CONVERSION = YES;
				CLANG_WARN_INFINITE_RECURSION = YES;
				CLANG_WARN_INT_CONVERSION = YES;
				CLANG_WARN_NON_LITERAL_NULL_CONVERSION = YES;
				CLANG_WARN_OBJC_IMPLICIT_RETAIN_SELF = YES;
				CLANG_WARN_OBJC_LITERAL_CONVERSION = YES;
				CLANG_WARN_OBJC_ROOT_CLASS = YES_ERROR;
				CLANG_WARN_QUOTED_INCLUDE_IN_FRAMEWORK_HEADER = YES;
				CLANG_WARN_RANGE_LOOP_ANALYSIS = YES;
				CLANG_WARN_STRICT_PROTOTYPES = YES;
				CLANG_WARN_SUSPICIOUS_MOVE = YES;
				CLANG_WARN_UNGUARDED_AVAILABILITY = YES_AGGRESSIVE;
				CLANG_WARN_UNREACHABLE_CODE = YES;
				CLANG_WARN__DUPLICATE_METHOD_MATCH = YES;
				COPY_PHASE_STRIP = NO;
				DEBUG_INFORMATION_FORMAT = dwarf;
				ENABLE_STRICT_OBJC_MSGSEND = YES;
				ENABLE_TESTABILITY = YES;
				ENABLE_USER_SCRIPT_SANDBOXING = YES;
				GCC_C_LANGUAGE_STANDARD = gnu17;
				GCC_DYNAMIC_NO_PIC = NO;
				GCC_NO_COMMON_BLOCKS = YES;
				GCC_OPTIMIZATION_LEVEL = 0;
				GCC_PREPROCESSOR_DEFINITIONS = (
					"DEBUG=1",
					"$(inherited)",
				);
				GCC_WARN_64_TO_32_BIT_CONVERSION = YES;
				GCC_WARN_ABOUT_RETURN_TYPE = YES_ERROR;
				GCC_WARN_UNDECLARED_SELECTOR = YES;
				GCC_WARN_UNINITIALIZED_AUTOS = YES_AGGRESSIVE;
				GCC_WARN_UNUSED_FUNCTION = YES;
				GCC_WARN_UNUSED_VARIABLE = YES;
				IPHONEOS_DEPLOYMENT_TARGET = 17.0;
				LOCALIZATION_PREFERS_STRING_CATALOGS = YES;
				MTL_ENABLE_DEBUG_INFO = INCLUDE_SOURCE;
				MTL_FAST_MATH = YES;
				ONLY_ACTIVE_ARCH = YES;
				SDKROOT = iphoneos;
				SWIFT_ACTIVE_COMPILATION_CONDITIONS = "DEBUG $(inherited)";
				SWIFT_OPTIMIZATION_LEVEL = "-Onone";
			};
			name = Debug;
		};
		8E6C889C2A869B9800149737 /* Release */ = {
			isa = XCBuildConfiguration;
			buildSettings = {
				ALWAYS_SEARCH_USER_PATHS = NO;
				ASSETCATALOG_COMPILER_GENERATE_SWIFT_ASSET_SYMBOL_EXTENSIONS = YES;
				CLANG_ANALYZER_NONNULL = YES;
				CLANG_ANALYZER_NUMBER_OBJECT_CONVERSION = YES_AGGRESSIVE;
				CLANG_CXX_LANGUAGE_STANDARD = "gnu++20";
				CLANG_ENABLE_MODULES = YES;
				CLANG_ENABLE_OBJC_ARC = YES;
				CLANG_ENABLE_OBJC_WEAK = YES;
				CLANG_WARN_BLOCK_CAPTURE_AUTORELEASING = YES;
				CLANG_WARN_BOOL_CONVERSION = YES;
				CLANG_WARN_COMMA = YES;
				CLANG_WARN_CONSTANT_CONVERSION = YES;
				CLANG_WARN_DEPRECATED_OBJC_IMPLEMENTATIONS = YES;
				CLANG_WARN_DIRECT_OBJC_ISA_USAGE = YES_ERROR;
				CLANG_WARN_DOCUMENTATION_COMMENTS = YES;
				CLANG_WARN_EMPTY_BODY = YES;
				CLANG_WARN_ENUM_CONVERSION = YES;
				CLANG_WARN_INFINITE_RECURSION = YES;
				CLANG_WARN_INT_CONVERSION = YES;
				CLANG_WARN_NON_LITERAL_NULL_CONVERSION = YES;
				CLANG_WARN_OBJC_IMPLICIT_RETAIN_SELF = YES;
				CLANG_WARN_OBJC_LITERAL_CONVERSION = YES;
				CLANG_WARN_OBJC_ROOT_CLASS = YES_ERROR;
				CLANG_WARN_QUOTED_INCLUDE_IN_FRAMEWORK_HEADER = YES;
				CLANG_WARN_RANGE_LOOP_ANALYSIS = YES;
				CLANG_WARN_STRICT_PROTOTYPES = YES;
				CLANG_WARN_SUSPICIOUS_MOVE = YES;
				CLANG_WARN_UNGUARDED_AVAILABILITY = YES_AGGRESSIVE;
				CLANG_WARN_UNREACHABLE_CODE = YES;
				CLANG_WARN__DUPLICATE_METHOD_MATCH = YES;
				COPY_PHASE_STRIP = NO;
				DEBUG_INFORMATION_FORMAT = "dwarf-with-dsym";
				ENABLE_NS_ASSERTIONS = NO;
				ENABLE_STRICT_OBJC_MSGSEND = YES;
				ENABLE_USER_SCRIPT_SANDBOXING = YES;
				GCC_C_LANGUAGE_STANDARD = gnu17;
				GCC_NO_COMMON_BLOCKS = YES;
				GCC_WARN_64_TO_32_BIT_CONVERSION = YES;
				GCC_WARN_ABOUT_RETURN_TYPE = YES_ERROR;
				GCC_WARN_UNDECLARED_SELECTOR = YES;
				GCC_WARN_UNINITIALIZED_AUTOS = YES_AGGRESSIVE;
				GCC_WARN_UNUSED_FUNCTION = YES;
				GCC_WARN_UNUSED_VARIABLE = YES;
				IPHONEOS_DEPLOYMENT_TARGET = 17.0;
				LOCALIZATION_PREFERS_STRING_CATALOGS = YES;
				MTL_ENABLE_DEBUG_INFO = NO;
				MTL_FAST_MATH = YES;
				SDKROOT = iphoneos;
				SWIFT_COMPILATION_MODE = wholemodule;
				VALIDATE_PRODUCT = YES;
			};
			name = Release;
		};
		8E6C889E2A869B9800149737 /* Debug */ = {
			isa = XCBuildConfiguration;
			buildSettings = {
				ASSETCATALOG_COMPILER_APPICON_NAME = AppIcon;
				ASSETCATALOG_COMPILER_GLOBAL_ACCENT_COLOR_NAME = AccentColor;
				CODE_SIGN_IDENTITY = "Apple Development";
				CODE_SIGN_STYLE = Automatic;
				CURRENT_PROJECT_VERSION = 1;
				DEVELOPMENT_ASSET_PATHS = "\"Lessgoo/Preview Content\"";
				DEVELOPMENT_TEAM = TVFW2DKZ2U;
				ENABLE_PREVIEWS = YES;
				GENERATE_INFOPLIST_FILE = YES;
				INFOPLIST_KEY_UIApplicationSceneManifest_Generation = YES;
				INFOPLIST_KEY_UIApplicationSupportsIndirectInputEvents = YES;
				INFOPLIST_KEY_UILaunchScreen_Generation = YES;
				INFOPLIST_KEY_UISupportedInterfaceOrientations_iPad = "UIInterfaceOrientationPortrait UIInterfaceOrientationPortraitUpsideDown UIInterfaceOrientationLandscapeLeft UIInterfaceOrientationLandscapeRight";
				INFOPLIST_KEY_UISupportedInterfaceOrientations_iPhone = "UIInterfaceOrientationPortrait UIInterfaceOrientationLandscapeLeft UIInterfaceOrientationLandscapeRight";
				IPHONEOS_DEPLOYMENT_TARGET = 16.4;
				LD_RUNPATH_SEARCH_PATHS = (
					"$(inherited)",
					"@executable_path/Frameworks",
				);
				MARKETING_VERSION = 1.0;
				PRODUCT_BUNDLE_IDENTIFIER = com.crypticminds;
				PRODUCT_NAME = "$(TARGET_NAME)";
				PROVISIONING_PROFILE_SPECIFIER = "";
				SWIFT_EMIT_LOC_STRINGS = YES;
				SWIFT_VERSION = 5.0;
				TARGETED_DEVICE_FAMILY = "1,2";
			};
			name = Debug;
		};
		8E6C889F2A869B9800149737 /* Release */ = {
			isa = XCBuildConfiguration;
			buildSettings = {
				ASSETCATALOG_COMPILER_APPICON_NAME = AppIcon;
				ASSETCATALOG_COMPILER_GLOBAL_ACCENT_COLOR_NAME = AccentColor;
				CODE_SIGN_IDENTITY = "Apple Development";
				CODE_SIGN_STYLE = Automatic;
				CURRENT_PROJECT_VERSION = 1;
				DEVELOPMENT_ASSET_PATHS = "\"Lessgoo/Preview Content\"";
				DEVELOPMENT_TEAM = TVFW2DKZ2U;
				ENABLE_PREVIEWS = YES;
				GENERATE_INFOPLIST_FILE = YES;
				INFOPLIST_KEY_UIApplicationSceneManifest_Generation = YES;
				INFOPLIST_KEY_UIApplicationSupportsIndirectInputEvents = YES;
				INFOPLIST_KEY_UILaunchScreen_Generation = YES;
				INFOPLIST_KEY_UISupportedInterfaceOrientations_iPad = "UIInterfaceOrientationPortrait UIInterfaceOrientationPortraitUpsideDown UIInterfaceOrientationLandscapeLeft UIInterfaceOrientationLandscapeRight";
				INFOPLIST_KEY_UISupportedInterfaceOrientations_iPhone = "UIInterfaceOrientationPortrait UIInterfaceOrientationLandscapeLeft UIInterfaceOrientationLandscapeRight";
				IPHONEOS_DEPLOYMENT_TARGET = 16.4;
				LD_RUNPATH_SEARCH_PATHS = (
					"$(inherited)",
					"@executable_path/Frameworks",
				);
				MARKETING_VERSION = 1.0;
				PRODUCT_BUNDLE_IDENTIFIER = com.crypticminds;
				PRODUCT_NAME = "$(TARGET_NAME)";
				PROVISIONING_PROFILE_SPECIFIER = "";
				SWIFT_EMIT_LOC_STRINGS = YES;
				SWIFT_VERSION = 5.0;
				TARGETED_DEVICE_FAMILY = "1,2";
			};
			name = Release;
		};
/* End XCBuildConfiguration section */

/* Begin XCConfigurationList section */
		8E6C888A2A869B9200149737 /* Build configuration list for PBXProject "Lessgoo" */ = {
			isa = XCConfigurationList;
			buildConfigurations = (
				8E6C889B2A869B9800149737 /* Debug */,
				8E6C889C2A869B9800149737 /* Release */,
			);
			defaultConfigurationIsVisible = 0;
			defaultConfigurationName = Release;
		};
		8E6C889D2A869B9800149737 /* Build configuration list for PBXNativeTarget "Lessgoo" */ = {
			isa = XCConfigurationList;
			buildConfigurations = (
				8E6C889E2A869B9800149737 /* Debug */,
				8E6C889F2A869B9800149737 /* Release */,
			);
			defaultConfigurationIsVisible = 0;
			defaultConfigurationName = Release;
		};
/* End XCConfigurationList section */

/* Begin XCRemoteSwiftPackageReference section */
		8E6C88B42A86A1CE00149737 /* XCRemoteSwiftPackageReference "firebase-ios-sdk" */ = {
			isa = XCRemoteSwiftPackageReference;
			repositoryURL = "https://github.com/firebase/firebase-ios-sdk.git";
			requirement = {
				kind = upToNextMajorVersion;
				minimumVersion = 10.13.0;
			};
		};
/* End XCRemoteSwiftPackageReference section */

/* Begin XCSwiftPackageProductDependency section */
		8E6C88B52A86A1CE00149737 /* FirebaseAnalytics */ = {
			isa = XCSwiftPackageProductDependency;
			package = 8E6C88B42A86A1CE00149737 /* XCRemoteSwiftPackageReference "firebase-ios-sdk" */;
			productName = FirebaseAnalytics;
		};
		8E6C88B72A86A1CE00149737 /* FirebaseAnalyticsOnDeviceConversion */ = {
			isa = XCSwiftPackageProductDependency;
			package = 8E6C88B42A86A1CE00149737 /* XCRemoteSwiftPackageReference "firebase-ios-sdk" */;
			productName = FirebaseAnalyticsOnDeviceConversion;
		};
		8E6C88B92A86A1CE00149737 /* FirebaseAnalyticsSwift */ = {
			isa = XCSwiftPackageProductDependency;
			package = 8E6C88B42A86A1CE00149737 /* XCRemoteSwiftPackageReference "firebase-ios-sdk" */;
			productName = FirebaseAnalyticsSwift;
		};
		8E6C88BB2A86A1CE00149737 /* FirebaseAnalyticsWithoutAdIdSupport */ = {
			isa = XCSwiftPackageProductDependency;
			package = 8E6C88B42A86A1CE00149737 /* XCRemoteSwiftPackageReference "firebase-ios-sdk" */;
			productName = FirebaseAnalyticsWithoutAdIdSupport;
		};
		8E6C88BD2A86A1CE00149737 /* FirebaseAppCheck */ = {
			isa = XCSwiftPackageProductDependency;
			package = 8E6C88B42A86A1CE00149737 /* XCRemoteSwiftPackageReference "firebase-ios-sdk" */;
			productName = FirebaseAppCheck;
		};
		8E6C88BF2A86A1CE00149737 /* FirebaseAppDistribution-Beta */ = {
			isa = XCSwiftPackageProductDependency;
			package = 8E6C88B42A86A1CE00149737 /* XCRemoteSwiftPackageReference "firebase-ios-sdk" */;
			productName = "FirebaseAppDistribution-Beta";
		};
		8E6C88C12A86A1CE00149737 /* FirebaseAuth */ = {
			isa = XCSwiftPackageProductDependency;
			package = 8E6C88B42A86A1CE00149737 /* XCRemoteSwiftPackageReference "firebase-ios-sdk" */;
			productName = FirebaseAuth;
		};
		8E6C88C32A86A1CE00149737 /* FirebaseAuthCombine-Community */ = {
			isa = XCSwiftPackageProductDependency;
			package = 8E6C88B42A86A1CE00149737 /* XCRemoteSwiftPackageReference "firebase-ios-sdk" */;
			productName = "FirebaseAuthCombine-Community";
		};
		8E6C88C52A86A1CE00149737 /* FirebaseCrashlytics */ = {
			isa = XCSwiftPackageProductDependency;
			package = 8E6C88B42A86A1CE00149737 /* XCRemoteSwiftPackageReference "firebase-ios-sdk" */;
			productName = FirebaseCrashlytics;
		};
		8E6C88C72A86A1CE00149737 /* FirebaseDatabase */ = {
			isa = XCSwiftPackageProductDependency;
			package = 8E6C88B42A86A1CE00149737 /* XCRemoteSwiftPackageReference "firebase-ios-sdk" */;
			productName = FirebaseDatabase;
		};
		8E6C88C92A86A1CE00149737 /* FirebaseDatabaseSwift */ = {
			isa = XCSwiftPackageProductDependency;
			package = 8E6C88B42A86A1CE00149737 /* XCRemoteSwiftPackageReference "firebase-ios-sdk" */;
			productName = FirebaseDatabaseSwift;
		};
		8E6C88CB2A86A1CE00149737 /* FirebaseDynamicLinks */ = {
			isa = XCSwiftPackageProductDependency;
			package = 8E6C88B42A86A1CE00149737 /* XCRemoteSwiftPackageReference "firebase-ios-sdk" */;
			productName = FirebaseDynamicLinks;
		};
		8E6C88CD2A86A1CE00149737 /* FirebaseFirestore */ = {
			isa = XCSwiftPackageProductDependency;
			package = 8E6C88B42A86A1CE00149737 /* XCRemoteSwiftPackageReference "firebase-ios-sdk" */;
			productName = FirebaseFirestore;
		};
		8E6C88CF2A86A1CE00149737 /* FirebaseFirestoreCombine-Community */ = {
			isa = XCSwiftPackageProductDependency;
			package = 8E6C88B42A86A1CE00149737 /* XCRemoteSwiftPackageReference "firebase-ios-sdk" */;
			productName = "FirebaseFirestoreCombine-Community";
		};
		8E6C88D12A86A1CE00149737 /* FirebaseFirestoreSwift */ = {
			isa = XCSwiftPackageProductDependency;
			package = 8E6C88B42A86A1CE00149737 /* XCRemoteSwiftPackageReference "firebase-ios-sdk" */;
			productName = FirebaseFirestoreSwift;
		};
		8E6C88D32A86A1CE00149737 /* FirebaseFunctions */ = {
			isa = XCSwiftPackageProductDependency;
			package = 8E6C88B42A86A1CE00149737 /* XCRemoteSwiftPackageReference "firebase-ios-sdk" */;
			productName = FirebaseFunctions;
		};
		8E6C88D52A86A1CE00149737 /* FirebaseFunctionsCombine-Community */ = {
			isa = XCSwiftPackageProductDependency;
			package = 8E6C88B42A86A1CE00149737 /* XCRemoteSwiftPackageReference "firebase-ios-sdk" */;
			productName = "FirebaseFunctionsCombine-Community";
		};
		8E6C88D72A86A1CE00149737 /* FirebaseInAppMessaging-Beta */ = {
			isa = XCSwiftPackageProductDependency;
			package = 8E6C88B42A86A1CE00149737 /* XCRemoteSwiftPackageReference "firebase-ios-sdk" */;
			productName = "FirebaseInAppMessaging-Beta";
		};
		8E6C88D92A86A1CE00149737 /* FirebaseInAppMessagingSwift-Beta */ = {
			isa = XCSwiftPackageProductDependency;
			package = 8E6C88B42A86A1CE00149737 /* XCRemoteSwiftPackageReference "firebase-ios-sdk" */;
			productName = "FirebaseInAppMessagingSwift-Beta";
		};
		8E6C88DB2A86A1CE00149737 /* FirebaseInstallations */ = {
			isa = XCSwiftPackageProductDependency;
			package = 8E6C88B42A86A1CE00149737 /* XCRemoteSwiftPackageReference "firebase-ios-sdk" */;
			productName = FirebaseInstallations;
		};
		8E6C88DD2A86A1CE00149737 /* FirebaseMLModelDownloader */ = {
			isa = XCSwiftPackageProductDependency;
			package = 8E6C88B42A86A1CE00149737 /* XCRemoteSwiftPackageReference "firebase-ios-sdk" */;
			productName = FirebaseMLModelDownloader;
		};
		8E6C88DF2A86A1CE00149737 /* FirebaseMessaging */ = {
			isa = XCSwiftPackageProductDependency;
			package = 8E6C88B42A86A1CE00149737 /* XCRemoteSwiftPackageReference "firebase-ios-sdk" */;
			productName = FirebaseMessaging;
		};
		8E6C88E12A86A1CE00149737 /* FirebasePerformance */ = {
			isa = XCSwiftPackageProductDependency;
			package = 8E6C88B42A86A1CE00149737 /* XCRemoteSwiftPackageReference "firebase-ios-sdk" */;
			productName = FirebasePerformance;
		};
		8E6C88E32A86A1CE00149737 /* FirebaseRemoteConfig */ = {
			isa = XCSwiftPackageProductDependency;
			package = 8E6C88B42A86A1CE00149737 /* XCRemoteSwiftPackageReference "firebase-ios-sdk" */;
			productName = FirebaseRemoteConfig;
		};
		8E6C88E52A86A1CE00149737 /* FirebaseRemoteConfigSwift */ = {
			isa = XCSwiftPackageProductDependency;
			package = 8E6C88B42A86A1CE00149737 /* XCRemoteSwiftPackageReference "firebase-ios-sdk" */;
			productName = FirebaseRemoteConfigSwift;
		};
		8E6C88E72A86A1CE00149737 /* FirebaseStorage */ = {
			isa = XCSwiftPackageProductDependency;
			package = 8E6C88B42A86A1CE00149737 /* XCRemoteSwiftPackageReference "firebase-ios-sdk" */;
			productName = FirebaseStorage;
		};
		8E6C88E92A86A1CE00149737 /* FirebaseStorageCombine-Community */ = {
			isa = XCSwiftPackageProductDependency;
			package = 8E6C88B42A86A1CE00149737 /* XCRemoteSwiftPackageReference "firebase-ios-sdk" */;
			productName = "FirebaseStorageCombine-Community";
		};
/* End XCSwiftPackageProductDependency section */
	};
	rootObject = 8E6C88872A869B9200149737 /* Project object */;
}
